
Microsoft Visual Studio Solution File, Format Version 12.00
# Visual Studio 15
VisualStudioVersion = 15.0.26124.0
MinimumVisualStudioVersion = 15.0.26124.0
Project("{2150E333-8FDC-42A3-9474-1A3956D46DE8}") = "src", "src", "{47692E13-E51D-45EB-A8FF-C5FC017E9237}"
EndProject
Project("{F2A71F9B-5D33-465A-A702-920D77279786}") = "Shared", "src\Shared\Shared.fsproj", "{52E505E6-FC25-4710-B69C-2C0981A878CD}"
EndProject
Project("{F2A71F9B-5D33-465A-A702-920D77279786}") = "Day01", "src\Day01\Day01.fsproj", "{D2812DB7-F6E2-4DC0-9C13-CFD3C85E08A2}"
EndProject
Project("{F2A71F9B-5D33-465A-A702-920D77279786}") = "Day02", "src\Day02\Day02.fsproj", "{967BE31D-E71A-4CF3-A0E3-F806A56BE1BA}"
EndProject
Project("{F2A71F9B-5D33-465A-A702-920D77279786}") = "Day03", "src\Day03\Day03.fsproj", "{BB27468F-F30F-4F07-8340-56D0F2A67EB9}"
EndProject
Global
	GlobalSection(SolutionConfigurationPlatforms) = preSolution
		Debug|Any CPU = Debug|Any CPU
		Debug|x64 = Debug|x64
		Debug|x86 = Debug|x86
		Release|Any CPU = Release|Any CPU
		Release|x64 = Release|x64
		Release|x86 = Release|x86
	EndGlobalSection
	GlobalSection(SolutionProperties) = preSolution
		HideSolutionNode = FALSE
	EndGlobalSection
	GlobalSection(ProjectConfigurationPlatforms) = postSolution
		{52E505E6-FC25-4710-B69C-2C0981A878CD}.Debug|Any CPU.ActiveCfg = Debug|Any CPU
		{52E505E6-FC25-4710-B69C-2C0981A878CD}.Debug|Any CPU.Build.0 = Debug|Any CPU
		{52E505E6-FC25-4710-B69C-2C0981A878CD}.Debug|x64.ActiveCfg = Debug|Any CPU
		{52E505E6-FC25-4710-B69C-2C0981A878CD}.Debug|x64.Build.0 = Debug|Any CPU
		{52E505E6-FC25-4710-B69C-2C0981A878CD}.Debug|x86.ActiveCfg = Debug|Any CPU
		{52E505E6-FC25-4710-B69C-2C0981A878CD}.Debug|x86.Build.0 = Debug|Any CPU
		{52E505E6-FC25-4710-B69C-2C0981A878CD}.Release|Any CPU.ActiveCfg = Release|Any CPU
		{52E505E6-FC25-4710-B69C-2C0981A878CD}.Release|Any CPU.Build.0 = Release|Any CPU
		{52E505E6-FC25-4710-B69C-2C0981A878CD}.Release|x64.ActiveCfg = Release|Any CPU
		{52E505E6-FC25-4710-B69C-2C0981A878CD}.Release|x64.Build.0 = Release|Any CPU
		{52E505E6-FC25-4710-B69C-2C0981A878CD}.Release|x86.ActiveCfg = Release|Any CPU
		{52E505E6-FC25-4710-B69C-2C0981A878CD}.Release|x86.Build.0 = Release|Any CPU
		{D2812DB7-F6E2-4DC0-9C13-CFD3C85E08A2}.Debug|Any CPU.ActiveCfg = Debug|Any CPU
		{D2812DB7-F6E2-4DC0-9C13-CFD3C85E08A2}.Debug|Any CPU.Build.0 = Debug|Any CPU
		{D2812DB7-F6E2-4DC0-9C13-CFD3C85E08A2}.Debug|x64.ActiveCfg = Debug|Any CPU
		{D2812DB7-F6E2-4DC0-9C13-CFD3C85E08A2}.Debug|x64.Build.0 = Debug|Any CPU
		{D2812DB7-F6E2-4DC0-9C13-CFD3C85E08A2}.Debug|x86.ActiveCfg = Debug|Any CPU
		{D2812DB7-F6E2-4DC0-9C13-CFD3C85E08A2}.Debug|x86.Build.0 = Debug|Any CPU
		{D2812DB7-F6E2-4DC0-9C13-CFD3C85E08A2}.Release|Any CPU.ActiveCfg = Release|Any CPU
		{D2812DB7-F6E2-4DC0-9C13-CFD3C85E08A2}.Release|Any CPU.Build.0 = Release|Any CPU
		{D2812DB7-F6E2-4DC0-9C13-CFD3C85E08A2}.Release|x64.ActiveCfg = Release|Any CPU
		{D2812DB7-F6E2-4DC0-9C13-CFD3C85E08A2}.Release|x64.Build.0 = Release|Any CPU
		{D2812DB7-F6E2-4DC0-9C13-CFD3C85E08A2}.Release|x86.ActiveCfg = Release|Any CPU
		{D2812DB7-F6E2-4DC0-9C13-CFD3C85E08A2}.Release|x86.Build.0 = Release|Any CPU
		{967BE31D-E71A-4CF3-A0E3-F806A56BE1BA}.Debug|Any CPU.ActiveCfg = Debug|Any CPU
		{967BE31D-E71A-4CF3-A0E3-F806A56BE1BA}.Debug|Any CPU.Build.0 = Debug|Any CPU
		{967BE31D-E71A-4CF3-A0E3-F806A56BE1BA}.Debug|x64.ActiveCfg = Debug|Any CPU
		{967BE31D-E71A-4CF3-A0E3-F806A56BE1BA}.Debug|x64.Build.0 = Debug|Any CPU
		{967BE31D-E71A-4CF3-A0E3-F806A56BE1BA}.Debug|x86.ActiveCfg = Debug|Any CPU
		{967BE31D-E71A-4CF3-A0E3-F806A56BE1BA}.Debug|x86.Build.0 = Debug|Any CPU
		{967BE31D-E71A-4CF3-A0E3-F806A56BE1BA}.Release|Any CPU.ActiveCfg = Release|Any CPU
		{967BE31D-E71A-4CF3-A0E3-F806A56BE1BA}.Release|Any CPU.Build.0 = Release|Any CPU
		{967BE31D-E71A-4CF3-A0E3-F806A56BE1BA}.Release|x64.ActiveCfg = Release|Any CPU
		{967BE31D-E71A-4CF3-A0E3-F806A56BE1BA}.Release|x64.Build.0 = Release|Any CPU
		{967BE31D-E71A-4CF3-A0E3-F806A56BE1BA}.Release|x86.ActiveCfg = Release|Any CPU
		{967BE31D-E71A-4CF3-A0E3-F806A56BE1BA}.Release|x86.Build.0 = Release|Any CPU
		{BB27468F-F30F-4F07-8340-56D0F2A67EB9}.Debug|Any CPU.ActiveCfg = Debug|Any CPU
		{BB27468F-F30F-4F07-8340-56D0F2A67EB9}.Debug|Any CPU.Build.0 = Debug|Any CPU
		{BB27468F-F30F-4F07-8340-56D0F2A67EB9}.Debug|x64.ActiveCfg = Debug|Any CPU
		{BB27468F-F30F-4F07-8340-56D0F2A67EB9}.Debug|x64.Build.0 = Debug|Any CPU
		{BB27468F-F30F-4F07-8340-56D0F2A67EB9}.Debug|x86.ActiveCfg = Debug|Any CPU
		{BB27468F-F30F-4F07-8340-56D0F2A67EB9}.Debug|x86.Build.0 = Debug|Any CPU
		{BB27468F-F30F-4F07-8340-56D0F2A67EB9}.Release|Any CPU.ActiveCfg = Release|Any CPU
		{BB27468F-F30F-4F07-8340-56D0F2A67EB9}.Release|Any CPU.Build.0 = Release|Any CPU
		{BB27468F-F30F-4F07-8340-56D0F2A67EB9}.Release|x64.ActiveCfg = Release|Any CPU
		{BB27468F-F30F-4F07-8340-56D0F2A67EB9}.Release|x64.Build.0 = Release|Any CPU
		{BB27468F-F30F-4F07-8340-56D0F2A67EB9}.Release|x86.ActiveCfg = Release|Any CPU
		{BB27468F-F30F-4F07-8340-56D0F2A67EB9}.Release|x86.Build.0 = Release|Any CPU
	EndGlobalSection
	GlobalSection(NestedProjects) = preSolution
		{52E505E6-FC25-4710-B69C-2C0981A878CD} = {47692E13-E51D-45EB-A8FF-C5FC017E9237}
		{D2812DB7-F6E2-4DC0-9C13-CFD3C85E08A2} = {47692E13-E51D-45EB-A8FF-C5FC017E9237}
		{967BE31D-E71A-4CF3-A0E3-F806A56BE1BA} = {47692E13-E51D-45EB-A8FF-C5FC017E9237}
		{BB27468F-F30F-4F07-8340-56D0F2A67EB9} = {47692E13-E51D-45EB-A8FF-C5FC017E9237}
	EndGlobalSection
EndGlobal
