
Microsoft Visual Studio Solution File, Format Version 12.00
# Visual Studio 15
VisualStudioVersion = 15.0.26124.0
MinimumVisualStudioVersion = 15.0.26124.0
Project("{2150E333-8FDC-42A3-9474-1A3956D46DE8}") = "src", "src", "{7165DB44-A6F8-4D86-BA22-6FF463F93C9A}"
EndProject
Project("{F2A71F9B-5D33-465A-A702-920D77279786}") = "Shared", "src\Shared\Shared.fsproj", "{285DA72A-D969-4E58-86B3-801242901D4E}"
EndProject
Project("{F2A71F9B-5D33-465A-A702-920D77279786}") = "Day01", "src\Day01\Day01.fsproj", "{D06F06AD-72FB-49E6-900A-00F75DDAB04D}"
EndProject
Project("{F2A71F9B-5D33-465A-A702-920D77279786}") = "Day02", "src\Day02\Day02.fsproj", "{01075A4C-7B69-4E2A-802C-A7D636BD4455}"
EndProject
Project("{F2A71F9B-5D33-465A-A702-920D77279786}") = "Day03", "src\Day03\Day03.fsproj", "{27255DEF-ABD5-45B7-B235-69EE3863E91A}"
EndProject
Global
	GlobalSection(SolutionConfigurationPlatforms) = preSolution
		Debug|Any CPU = Debug|Any CPU
		Debug|x64 = Debug|x64
		Debug|x86 = Debug|x86
		Release|Any CPU = Release|Any CPU
		Release|x64 = Release|x64
		Release|x86 = Release|x86
	EndGlobalSection
	GlobalSection(SolutionProperties) = preSolution
		HideSolutionNode = FALSE
	EndGlobalSection
	GlobalSection(ProjectConfigurationPlatforms) = postSolution
		{285DA72A-D969-4E58-86B3-801242901D4E}.Debug|Any CPU.ActiveCfg = Debug|Any CPU
		{285DA72A-D969-4E58-86B3-801242901D4E}.Debug|Any CPU.Build.0 = Debug|Any CPU
		{285DA72A-D969-4E58-86B3-801242901D4E}.Debug|x64.ActiveCfg = Debug|Any CPU
		{285DA72A-D969-4E58-86B3-801242901D4E}.Debug|x64.Build.0 = Debug|Any CPU
		{285DA72A-D969-4E58-86B3-801242901D4E}.Debug|x86.ActiveCfg = Debug|Any CPU
		{285DA72A-D969-4E58-86B3-801242901D4E}.Debug|x86.Build.0 = Debug|Any CPU
		{285DA72A-D969-4E58-86B3-801242901D4E}.Release|Any CPU.ActiveCfg = Release|Any CPU
		{285DA72A-D969-4E58-86B3-801242901D4E}.Release|Any CPU.Build.0 = Release|Any CPU
		{285DA72A-D969-4E58-86B3-801242901D4E}.Release|x64.ActiveCfg = Release|Any CPU
		{285DA72A-D969-4E58-86B3-801242901D4E}.Release|x64.Build.0 = Release|Any CPU
		{285DA72A-D969-4E58-86B3-801242901D4E}.Release|x86.ActiveCfg = Release|Any CPU
		{285DA72A-D969-4E58-86B3-801242901D4E}.Release|x86.Build.0 = Release|Any CPU
		{D06F06AD-72FB-49E6-900A-00F75DDAB04D}.Debug|Any CPU.ActiveCfg = Debug|Any CPU
		{D06F06AD-72FB-49E6-900A-00F75DDAB04D}.Debug|Any CPU.Build.0 = Debug|Any CPU
		{D06F06AD-72FB-49E6-900A-00F75DDAB04D}.Debug|x64.ActiveCfg = Debug|Any CPU
		{D06F06AD-72FB-49E6-900A-00F75DDAB04D}.Debug|x64.Build.0 = Debug|Any CPU
		{D06F06AD-72FB-49E6-900A-00F75DDAB04D}.Debug|x86.ActiveCfg = Debug|Any CPU
		{D06F06AD-72FB-49E6-900A-00F75DDAB04D}.Debug|x86.Build.0 = Debug|Any CPU
		{D06F06AD-72FB-49E6-900A-00F75DDAB04D}.Release|Any CPU.ActiveCfg = Release|Any CPU
		{D06F06AD-72FB-49E6-900A-00F75DDAB04D}.Release|Any CPU.Build.0 = Release|Any CPU
		{D06F06AD-72FB-49E6-900A-00F75DDAB04D}.Release|x64.ActiveCfg = Release|Any CPU
		{D06F06AD-72FB-49E6-900A-00F75DDAB04D}.Release|x64.Build.0 = Release|Any CPU
		{D06F06AD-72FB-49E6-900A-00F75DDAB04D}.Release|x86.ActiveCfg = Release|Any CPU
		{D06F06AD-72FB-49E6-900A-00F75DDAB04D}.Release|x86.Build.0 = Release|Any CPU
		{01075A4C-7B69-4E2A-802C-A7D636BD4455}.Debug|Any CPU.ActiveCfg = Debug|Any CPU
		{01075A4C-7B69-4E2A-802C-A7D636BD4455}.Debug|Any CPU.Build.0 = Debug|Any CPU
		{01075A4C-7B69-4E2A-802C-A7D636BD4455}.Debug|x64.ActiveCfg = Debug|Any CPU
		{01075A4C-7B69-4E2A-802C-A7D636BD4455}.Debug|x64.Build.0 = Debug|Any CPU
		{01075A4C-7B69-4E2A-802C-A7D636BD4455}.Debug|x86.ActiveCfg = Debug|Any CPU
		{01075A4C-7B69-4E2A-802C-A7D636BD4455}.Debug|x86.Build.0 = Debug|Any CPU
		{01075A4C-7B69-4E2A-802C-A7D636BD4455}.Release|Any CPU.ActiveCfg = Release|Any CPU
		{01075A4C-7B69-4E2A-802C-A7D636BD4455}.Release|Any CPU.Build.0 = Release|Any CPU
		{01075A4C-7B69-4E2A-802C-A7D636BD4455}.Release|x64.ActiveCfg = Release|Any CPU
		{01075A4C-7B69-4E2A-802C-A7D636BD4455}.Release|x64.Build.0 = Release|Any CPU
		{01075A4C-7B69-4E2A-802C-A7D636BD4455}.Release|x86.ActiveCfg = Release|Any CPU
		{01075A4C-7B69-4E2A-802C-A7D636BD4455}.Release|x86.Build.0 = Release|Any CPU
		{27255DEF-ABD5-45B7-B235-69EE3863E91A}.Debug|Any CPU.ActiveCfg = Debug|Any CPU
		{27255DEF-ABD5-45B7-B235-69EE3863E91A}.Debug|Any CPU.Build.0 = Debug|Any CPU
		{27255DEF-ABD5-45B7-B235-69EE3863E91A}.Debug|x64.ActiveCfg = Debug|Any CPU
		{27255DEF-ABD5-45B7-B235-69EE3863E91A}.Debug|x64.Build.0 = Debug|Any CPU
		{27255DEF-ABD5-45B7-B235-69EE3863E91A}.Debug|x86.ActiveCfg = Debug|Any CPU
		{27255DEF-ABD5-45B7-B235-69EE3863E91A}.Debug|x86.Build.0 = Debug|Any CPU
		{27255DEF-ABD5-45B7-B235-69EE3863E91A}.Release|Any CPU.ActiveCfg = Release|Any CPU
		{27255DEF-ABD5-45B7-B235-69EE3863E91A}.Release|Any CPU.Build.0 = Release|Any CPU
		{27255DEF-ABD5-45B7-B235-69EE3863E91A}.Release|x64.ActiveCfg = Release|Any CPU
		{27255DEF-ABD5-45B7-B235-69EE3863E91A}.Release|x64.Build.0 = Release|Any CPU
		{27255DEF-ABD5-45B7-B235-69EE3863E91A}.Release|x86.ActiveCfg = Release|Any CPU
		{27255DEF-ABD5-45B7-B235-69EE3863E91A}.Release|x86.Build.0 = Release|Any CPU
	EndGlobalSection
	GlobalSection(NestedProjects) = preSolution
		{285DA72A-D969-4E58-86B3-801242901D4E} = {7165DB44-A6F8-4D86-BA22-6FF463F93C9A}
		{D06F06AD-72FB-49E6-900A-00F75DDAB04D} = {7165DB44-A6F8-4D86-BA22-6FF463F93C9A}
		{01075A4C-7B69-4E2A-802C-A7D636BD4455} = {7165DB44-A6F8-4D86-BA22-6FF463F93C9A}
		{27255DEF-ABD5-45B7-B235-69EE3863E91A} = {7165DB44-A6F8-4D86-BA22-6FF463F93C9A}
	EndGlobalSection
EndGlobal
